
Microsoft Visual Studio Solution File, Format Version 12.00
# Visual Studio 2012
Project("{FAE04EC0-301F-11D3-BF4B-00C04F79EFBC}") = "CustomerPortalExtensions.Core", "CustomerPortalExtensions\CustomerPortalExtensions.Core.csproj", "{204110A8-76D1-4682-B264-E9BA9D505808}"
EndProject
Global
	GlobalSection(SolutionConfigurationPlatforms) = preSolution
		Debug|Any CPU = Debug|Any CPU
		Release|Any CPU = Release|Any CPU
	EndGlobalSection
	GlobalSection(ProjectConfigurationPlatforms) = postSolution
		{204110A8-76D1-4682-B264-E9BA9D505808}.Debug|Any CPU.ActiveCfg = Debug|Any CPU
		{204110A8-76D1-4682-B264-E9BA9D505808}.Debug|Any CPU.Build.0 = Debug|Any CPU
		{204110A8-76D1-4682-B264-E9BA9D505808}.Release|Any CPU.ActiveCfg = Release|Any CPU
		{204110A8-76D1-4682-B264-E9BA9D505808}.Release|Any CPU.Build.0 = Release|Any CPU
	EndGlobalSection
	GlobalSection(SolutionProperties) = preSolution
		HideSolutionNode = FALSE
	EndGlobalSection
	GlobalSection(ExtensibilityGlobals) = postSolution
		EnterpriseLibraryConfigurationToolBinariesPath = packages\Unity.2.1.505.2\lib\NET35
	EndGlobalSection
EndGlobal
